lockfileVersion: 5.4

specifiers:
  '@vitejs/plugin-vue': ^2.3.1
  firebase: ^9.17.2
  pinia: ^2.0.13
  vite: ^2.9.5
  vue: ^3.2.33
  vue-router: ^4.0.14

dependencies:
  firebase: 9.17.2
  pinia: 2.0.13_vue@3.2.33
  vue: 3.2.33
  vue-router: 4.0.14_vue@3.2.33

devDependencies:
  '@vitejs/plugin-vue': 2.3.1_vite@2.9.6+vue@3.2.33
  vite: 2.9.6

packages:

  /@babel/helper-string-parser/7.19.4:
    resolution: {integrity: sha512-nHtDoQcuqFmwYNYPz3Rah5ph2p8PFeFCsZk9A/48dPc/rGocJ5J3hAAZ7pb76VWX3fZKu+uEr/FhH5jLx7umrw==}
    engines: {node: '>=6.9.0'}

  /@babel/helper-validator-identifier/7.19.1:
    resolution: {integrity: sha512-awrNfaMtnHUr653GgGEs++LlAvW6w+DcPrOliSMXWCKo597CwL5Acf/wWdNkf/tfEQE3mjkeD1YOVZOUV/od1w==}
    engines: {node: '>=6.9.0'}

  /@babel/parser/7.17.9:
    resolution: {integrity: sha512-vqUSBLP8dQHFPdPi9bc5GK9vRkYHJ49fsZdtoJ8EQ8ibpwk5rPKfvNIwChB0KVXcIjcepEBBd2VHC5r9Gy8ueg==}
    engines: {node: '>=6.0.0'}
    hasBin: true
    dependencies:
      '@babel/types': 7.21.2

  /@babel/types/7.21.2:
    resolution: {integrity: sha512-3wRZSs7jiFaB8AjxiiD+VqN5DTG2iRvJGQ+qYFrs/654lg6kGTQWIOFjlBo5RaXuAZjBmP3+OQH4dmhqiiyYxw==}
    engines: {node: '>=6.9.0'}
    dependencies:
      '@babel/helper-string-parser': 7.19.4
      '@babel/helper-validator-identifier': 7.19.1
      to-fast-properties: 2.0.0

  /@firebase/analytics-compat/0.2.4_qunw4j5gqxvsjftjccuuhjts3m:
    resolution: {integrity: sha512-ZN4K49QwOR8EWIUTV03VBdcVkz8sVsfJmve4g2+FEIj0kyTK0MdoVTWNOwWj9TVi2p/7FvKRKkpWxkydmi9x7g==}
    peerDependencies:
      '@firebase/app-compat': 0.x
    dependencies:
      '@firebase/analytics': 0.9.4_@firebase+app@0.9.4
      '@firebase/analytics-types': 0.8.0
      '@firebase/app-compat': 0.2.4
      '@firebase/component': 0.6.4
      '@firebase/util': 1.9.3
      tslib: 2.5.0
    transitivePeerDependencies:
      - '@firebase/app'
    dev: false

  /@firebase/analytics-types/0.8.0:
    resolution: {integrity: sha512-iRP+QKI2+oz3UAh4nPEq14CsEjrjD6a5+fuypjScisAh9kXKFvdJOZJDwk7kikLvWVLGEs9+kIUS4LPQV7VZVw==}
    dev: false

  /@firebase/analytics/0.9.4_@firebase+app@0.9.4:
    resolution: {integrity: sha512-Mb2UaD0cyJ9DrTk4Okz8wqpjZuVRVXHZOjhbQcmGb8VtibXY1+jm/k3eJ21r7NqUKnjWejYM2EX+hI9+dtXGkQ==}
    peerDependencies:
      '@firebase/app': 0.x
    dependencies:
      '@firebase/app': 0.9.4
      '@firebase/component': 0.6.4
      '@firebase/installations': 0.6.4_@firebase+app@0.9.4
      '@firebase/logger': 0.4.0
      '@firebase/util': 1.9.3
      tslib: 2.5.0
    dev: false

  /@firebase/app-check-compat/0.3.4_qunw4j5gqxvsjftjccuuhjts3m:
    resolution: {integrity: sha512-s6ON0ixPKe99M1DNYMI2eR5aLwQZgy0z8fuW1tnEbzg5p/N/GKFmqiIHSV4gfp8+X7Fw5NLm7qMfh4xrcPgQCw==}
    peerDependencies:
      '@firebase/app-compat': 0.x
    dependencies:
      '@firebase/app-check': 0.6.4_@firebase+app@0.9.4
      '@firebase/app-check-types': 0.5.0
      '@firebase/app-compat': 0.2.4
      '@firebase/component': 0.6.4
      '@firebase/logger': 0.4.0
      '@firebase/util': 1.9.3
      tslib: 2.5.0
    transitivePeerDependencies:
      - '@firebase/app'
    dev: false

  /@firebase/app-check-interop-types/0.2.0:
    resolution: {integrity: sha512-+3PQIeX6/eiVK+x/yg8r6xTNR97fN7MahFDm+jiQmDjcyvSefoGuTTNQuuMScGyx3vYUBeZn+Cp9kC0yY/9uxQ==}
    dev: false

  /@firebase/app-check-types/0.5.0:
    resolution: {integrity: sha512-uwSUj32Mlubybw7tedRzR24RP8M8JUVR3NPiMk3/Z4bCmgEKTlQBwMXrehDAZ2wF+TsBq0SN1c6ema71U/JPyQ==}
    dev: false

  /@firebase/app-check/0.6.4_@firebase+app@0.9.4:
    resolution: {integrity: sha512-M9qyVTWkEkHXmgwGtObvXQqKcOe9iKAOPqm0pCe74mzgKVTNq157ff39+fxHPb4nFbipToY+GuvtabLUzkHehQ==}
    peerDependencies:
      '@firebase/app': 0.x
    dependencies:
      '@firebase/app': 0.9.4
      '@firebase/component': 0.6.4
      '@firebase/logger': 0.4.0
      '@firebase/util': 1.9.3
      tslib: 2.5.0
    dev: false

  /@firebase/app-compat/0.2.4:
    resolution: {integrity: sha512-eYKtxMrzi+icZ6dFeJEoEpxu3aq1jp2PeL5vPIOAavJpdgRWFmSGmw3a46Hkay+GGGX4fkJG3vCfuoQsf5ksjA==}
    dependencies:
      '@firebase/app': 0.9.4
      '@firebase/component': 0.6.4
      '@firebase/logger': 0.4.0
      '@firebase/util': 1.9.3
      tslib: 2.5.0
    dev: false

  /@firebase/app-types/0.9.0:
    resolution: {integrity: sha512-AeweANOIo0Mb8GiYm3xhTEBVCmPwTYAu9Hcd2qSkLuga/6+j9b1Jskl5bpiSQWy9eJ/j5pavxj6eYogmnuzm+Q==}
    dev: false

  /@firebase/app/0.9.4:
    resolution: {integrity: sha512-xX8I6pNqUxhxhaghy9fbjOWOP9ndx5UeN5F0V/PWD2u7xRg88YkzZrDocTAIU17y82UPZ1x1E5n15CsXGcxaOg==}
    dependencies:
      '@firebase/component': 0.6.4
      '@firebase/logger': 0.4.0
      '@firebase/util': 1.9.3
      idb: 7.0.1
      tslib: 2.5.0
    dev: false

  /@firebase/auth-compat/0.3.4_rq6m7t6z56notcsj2kwjatlp5i:
    resolution: {integrity: sha512-AVNZ4pwLV063ngPKU+8tykQ6v+fRlKfBWEp1W+JU1pEJI+GK0thOPrCn22lWyI8LYiDrh3MLIiBJCv7fsyQajw==}
    peerDependencies:
      '@firebase/app-compat': 0.x
    dependencies:
      '@firebase/app-compat': 0.2.4
      '@firebase/auth': 0.21.4_@firebase+app@0.9.4
      '@firebase/auth-types': 0.12.0_pe7cbgjgh7vzd7cjsjzacprt4m
      '@firebase/component': 0.6.4
      '@firebase/util': 1.9.3
      node-fetch: 2.6.7
      tslib: 2.5.0
    transitivePeerDependencies:
      - '@firebase/app'
      - '@firebase/app-types'
      - encoding
    dev: false

  /@firebase/auth-interop-types/0.2.1:
    resolution: {integrity: sha512-VOaGzKp65MY6P5FI84TfYKBXEPi6LmOCSMMzys6o2BN2LOsqy7pCuZCup7NYnfbk5OkkQKzvIfHOzTm0UDpkyg==}
    dev: false

  /@firebase/auth-types/0.12.0_pe7cbgjgh7vzd7cjsjzacprt4m:
    resolution: {integrity: sha512-pPwaZt+SPOshK8xNoiQlK5XIrS97kFYc3Rc7xmy373QsOJ9MmqXxLaYssP5Kcds4wd2qK//amx/c+A8O2fVeZA==}
    peerDependencies:
      '@firebase/app-types': 0.x
      '@firebase/util': 1.x
    dependencies:
      '@firebase/app-types': 0.9.0
      '@firebase/util': 1.9.3
    dev: false

  /@firebase/auth/0.21.4_@firebase+app@0.9.4:
    resolution: {integrity: sha512-yZrs1F8sTt8IMCJl29gaxokDZSLjO08r2bL2PNKV1Duz2vJ67ZtVcgHAidyf8BFak9uS8mepd9KlYFDfwUO60Q==}
    peerDependencies:
      '@firebase/app': 0.x
    dependencies:
      '@firebase/app': 0.9.4
      '@firebase/component': 0.6.4
      '@firebase/logger': 0.4.0
      '@firebase/util': 1.9.3
      node-fetch: 2.6.7
      tslib: 2.5.0
    transitivePeerDependencies:
      - encoding
    dev: false

  /@firebase/component/0.6.4:
    resolution: {integrity: sha512-rLMyrXuO9jcAUCaQXCMjCMUsWrba5fzHlNK24xz5j2W6A/SRmK8mZJ/hn7V0fViLbxC0lPMtrK1eYzk6Fg03jA==}
    dependencies:
      '@firebase/util': 1.9.3
      tslib: 2.5.0
    dev: false

  /@firebase/database-compat/0.3.4:
    resolution: {integrity: sha512-kuAW+l+sLMUKBThnvxvUZ+Q1ZrF/vFJ58iUY9kAcbX48U03nVzIF6Tmkf0p3WVQwMqiXguSgtOPIB6ZCeF+5Gg==}
    dependencies:
      '@firebase/component': 0.6.4
      '@firebase/database': 0.14.4
      '@firebase/database-types': 0.10.4
      '@firebase/logger': 0.4.0
      '@firebase/util': 1.9.3
      tslib: 2.5.0
    dev: false

  /@firebase/database-types/0.10.4:
    resolution: {integrity: sha512-dPySn0vJ/89ZeBac70T+2tWWPiJXWbmRygYv0smT5TfE3hDrQ09eKMF3Y+vMlTdrMWq7mUdYW5REWPSGH4kAZQ==}
    dependencies:
      '@firebase/app-types': 0.9.0
      '@firebase/util': 1.9.3
    dev: false

  /@firebase/database/0.14.4:
    resolution: {integrity: sha512-+Ea/IKGwh42jwdjCyzTmeZeLM3oy1h0mFPsTy6OqCWzcu/KFqRAr5Tt1HRCOBlNOdbh84JPZC47WLU18n2VbxQ==}
    dependencies:
      '@firebase/auth-interop-types': 0.2.1
      '@firebase/component': 0.6.4
      '@firebase/logger': 0.4.0
      '@firebase/util': 1.9.3
      faye-websocket: 0.11.4
      tslib: 2.5.0
    dev: false

  /@firebase/firestore-compat/0.3.4_rq6m7t6z56notcsj2kwjatlp5i:
    resolution: {integrity: sha512-xUzz1V53vA1R8S5QQbQ33zqNv0bV+dZpeQKqMXt6HNWa1yiX7lUooGYRws825F+QBOadW1teav1ttXnGZAsgUw==}
    peerDependencies:
      '@firebase/app-compat': 0.x
    dependencies:
      '@firebase/app-compat': 0.2.4
      '@firebase/component': 0.6.4
      '@firebase/firestore': 3.8.4_@firebase+app@0.9.4
      '@firebase/firestore-types': 2.5.1_pe7cbgjgh7vzd7cjsjzacprt4m
      '@firebase/util': 1.9.3
      tslib: 2.5.0
    transitivePeerDependencies:
      - '@firebase/app'
      - '@firebase/app-types'
      - encoding
    dev: false

  /@firebase/firestore-types/2.5.1_pe7cbgjgh7vzd7cjsjzacprt4m:
    resolution: {integrity: sha512-xG0CA6EMfYo8YeUxC8FeDzf6W3FX1cLlcAGBYV6Cku12sZRI81oWcu61RSKM66K6kUENP+78Qm8mvroBcm1whw==}
    peerDependencies:
      '@firebase/app-types': 0.x
      '@firebase/util': 1.x
    dependencies:
      '@firebase/app-types': 0.9.0
      '@firebase/util': 1.9.3
    dev: false

  /@firebase/firestore/3.8.4_@firebase+app@0.9.4:
    resolution: {integrity: sha512-sNLT4vGBSrx75Q2yLzCHL/1LDS7+UG8gaIohox/GpKYGxt4r8/AsUOmjN4llDqdnFSgY5ePYp2+nHArFXHyZjA==}
    engines: {node: '>=10.10.0'}
    peerDependencies:
      '@firebase/app': 0.x
    dependencies:
      '@firebase/app': 0.9.4
      '@firebase/component': 0.6.4
      '@firebase/logger': 0.4.0
      '@firebase/util': 1.9.3
      '@firebase/webchannel-wrapper': 0.9.0
      '@grpc/grpc-js': 1.7.3
      '@grpc/proto-loader': 0.6.13
      node-fetch: 2.6.7
      tslib: 2.5.0
    transitivePeerDependencies:
      - encoding
    dev: false

  /@firebase/functions-compat/0.3.4_qunw4j5gqxvsjftjccuuhjts3m:
    resolution: {integrity: sha512-kxVxTGyLV1MBR3sp3mI+eQ6JBqz0G5bk310F8eX4HzDFk4xjk5xY0KdHktMH+edM2xs1BOg0vwvvsAHczIjB+w==}
    peerDependencies:
      '@firebase/app-compat': 0.x
    dependencies:
      '@firebase/app-compat': 0.2.4
      '@firebase/component': 0.6.4
      '@firebase/functions': 0.9.4_@firebase+app@0.9.4
      '@firebase/functions-types': 0.6.0
      '@firebase/util': 1.9.3
      tslib: 2.5.0
    transitivePeerDependencies:
      - '@firebase/app'
      - encoding
    dev: false

  /@firebase/functions-types/0.6.0:
    resolution: {integrity: sha512-hfEw5VJtgWXIRf92ImLkgENqpL6IWpYaXVYiRkFY1jJ9+6tIhWM7IzzwbevwIIud/jaxKVdRzD7QBWfPmkwCYw==}
    dev: false

  /@firebase/functions/0.9.4_@firebase+app@0.9.4:
    resolution: {integrity: sha512-3H2qh6U+q+nepO5Hds+Ddl6J0pS+zisuBLqqQMRBHv9XpWfu0PnDHklNmE8rZ+ccTEXvBj6zjkPfdxt6NisvlQ==}
    peerDependencies:
      '@firebase/app': 0.x
    dependencies:
      '@firebase/app': 0.9.4
      '@firebase/app-check-interop-types': 0.2.0
      '@firebase/auth-interop-types': 0.2.1
      '@firebase/component': 0.6.4
      '@firebase/messaging-interop-types': 0.2.0
      '@firebase/util': 1.9.3
      node-fetch: 2.6.7
      tslib: 2.5.0
    transitivePeerDependencies:
      - encoding
    dev: false

  /@firebase/installations-compat/0.2.4_rq6m7t6z56notcsj2kwjatlp5i:
    resolution: {integrity: sha512-LI9dYjp0aT9Njkn9U4JRrDqQ6KXeAmFbRC0E7jI7+hxl5YmRWysq5qgQl22hcWpTk+cm3es66d/apoDU/A9n6Q==}
    peerDependencies:
      '@firebase/app-compat': 0.x
    dependencies:
      '@firebase/app-compat': 0.2.4
      '@firebase/component': 0.6.4
      '@firebase/installations': 0.6.4_@firebase+app@0.9.4
      '@firebase/installations-types': 0.5.0_@firebase+app-types@0.9.0
      '@firebase/util': 1.9.3
      tslib: 2.5.0
    transitivePeerDependencies:
      - '@firebase/app'
      - '@firebase/app-types'
    dev: false

  /@firebase/installations-types/0.5.0_@firebase+app-types@0.9.0:
    resolution: {integrity: sha512-9DP+RGfzoI2jH7gY4SlzqvZ+hr7gYzPODrbzVD82Y12kScZ6ZpRg/i3j6rleto8vTFC8n6Len4560FnV1w2IRg==}
    peerDependencies:
      '@firebase/app-types': 0.x
    dependencies:
      '@firebase/app-types': 0.9.0
    dev: false

  /@firebase/installations/0.6.4_@firebase+app@0.9.4:
    resolution: {integrity: sha512-u5y88rtsp7NYkCHC3ElbFBrPtieUybZluXyzl7+4BsIz4sqb4vSAuwHEUgCgCeaQhvsnxDEU6icly8U9zsJigA==}
    peerDependencies:
      '@firebase/app': 0.x
    dependencies:
      '@firebase/app': 0.9.4
      '@firebase/component': 0.6.4
      '@firebase/util': 1.9.3
      idb: 7.0.1
      tslib: 2.5.0
    dev: false

  /@firebase/logger/0.4.0:
    resolution: {integrity: sha512-eRKSeykumZ5+cJPdxxJRgAC3G5NknY2GwEbKfymdnXtnT0Ucm4pspfR6GT4MUQEDuJwRVbVcSx85kgJulMoFFA==}
    dependencies:
      tslib: 2.5.0
    dev: false

  /@firebase/messaging-compat/0.2.4_qunw4j5gqxvsjftjccuuhjts3m:
    resolution: {integrity: sha512-lyFjeUhIsPRYDPNIkYX1LcZMpoVbBWXX4rPl7c/rqc7G+EUea7IEtSt4MxTvh6fDfPuzLn7+FZADfscC+tNMfg==}
    peerDependencies:
      '@firebase/app-compat': 0.x
    dependencies:
      '@firebase/app-compat': 0.2.4
      '@firebase/component': 0.6.4
      '@firebase/messaging': 0.12.4_@firebase+app@0.9.4
      '@firebase/util': 1.9.3
      tslib: 2.5.0
    transitivePeerDependencies:
      - '@firebase/app'
    dev: false

  /@firebase/messaging-interop-types/0.2.0:
    resolution: {integrity: sha512-ujA8dcRuVeBixGR9CtegfpU4YmZf3Lt7QYkcj693FFannwNuZgfAYaTmbJ40dtjB81SAu6tbFPL9YLNT15KmOQ==}
    dev: false

  /@firebase/messaging/0.12.4_@firebase+app@0.9.4:
    resolution: {integrity: sha512-6JLZct6zUaex4g7HI3QbzeUrg9xcnmDAPTWpkoMpd/GoSVWH98zDoWXMGrcvHeCAIsLpFMe4MPoZkJbrPhaASw==}
    peerDependencies:
      '@firebase/app': 0.x
    dependencies:
      '@firebase/app': 0.9.4
      '@firebase/component': 0.6.4
      '@firebase/installations': 0.6.4_@firebase+app@0.9.4
      '@firebase/messaging-interop-types': 0.2.0
      '@firebase/util': 1.9.3
      idb: 7.0.1
      tslib: 2.5.0
    dev: false

  /@firebase/performance-compat/0.2.4_qunw4j5gqxvsjftjccuuhjts3m:
    resolution: {integrity: sha512-nnHUb8uP9G8islzcld/k6Bg5RhX62VpbAb/Anj7IXs/hp32Eb2LqFPZK4sy3pKkBUO5wcrlRWQa6wKOxqlUqsg==}
    peerDependencies:
      '@firebase/app-compat': 0.x
    dependencies:
      '@firebase/app-compat': 0.2.4
      '@firebase/component': 0.6.4
      '@firebase/logger': 0.4.0
      '@firebase/performance': 0.6.4_@firebase+app@0.9.4
      '@firebase/performance-types': 0.2.0
      '@firebase/util': 1.9.3
      tslib: 2.5.0
    transitivePeerDependencies:
      - '@firebase/app'
    dev: false

  /@firebase/performance-types/0.2.0:
    resolution: {integrity: sha512-kYrbr8e/CYr1KLrLYZZt2noNnf+pRwDq2KK9Au9jHrBMnb0/C9X9yWSXmZkFt4UIdsQknBq8uBB7fsybZdOBTA==}
    dev: false

  /@firebase/performance/0.6.4_@firebase+app@0.9.4:
    resolution: {integrity: sha512-HfTn/bd8mfy/61vEqaBelNiNnvAbUtME2S25A67Nb34zVuCSCRIX4SseXY6zBnOFj3oLisaEqhVcJmVPAej67g==}
    peerDependencies:
      '@firebase/app': 0.x
    dependencies:
      '@firebase/app': 0.9.4
      '@firebase/component': 0.6.4
      '@firebase/installations': 0.6.4_@firebase+app@0.9.4
      '@firebase/logger': 0.4.0
      '@firebase/util': 1.9.3
      tslib: 2.5.0
    dev: false

  /@firebase/remote-config-compat/0.2.4_qunw4j5gqxvsjftjccuuhjts3m:
    resolution: {integrity: sha512-FKiki53jZirrDFkBHglB3C07j5wBpitAaj8kLME6g8Mx+aq7u9P7qfmuSRytiOItADhWUj7O1JIv7n9q87SuwA==}
    peerDependencies:
      '@firebase/app-compat': 0.x
    dependencies:
      '@firebase/app-compat': 0.2.4
      '@firebase/component': 0.6.4
      '@firebase/logger': 0.4.0
      '@firebase/remote-config': 0.4.4_@firebase+app@0.9.4
      '@firebase/remote-config-types': 0.3.0
      '@firebase/util': 1.9.3
      tslib: 2.5.0
    transitivePeerDependencies:
      - '@firebase/app'
    dev: false

  /@firebase/remote-config-types/0.3.0:
    resolution: {integrity: sha512-RtEH4vdcbXZuZWRZbIRmQVBNsE7VDQpet2qFvq6vwKLBIQRQR5Kh58M4ok3A3US8Sr3rubYnaGqZSurCwI8uMA==}
    dev: false

  /@firebase/remote-config/0.4.4_@firebase+app@0.9.4:
    resolution: {integrity: sha512-x1ioTHGX8ZwDSTOVp8PBLv2/wfwKzb4pxi0gFezS5GCJwbLlloUH4YYZHHS83IPxnua8b6l0IXUaWd0RgbWwzQ==}
    peerDependencies:
      '@firebase/app': 0.x
    dependencies:
      '@firebase/app': 0.9.4
      '@firebase/component': 0.6.4
      '@firebase/installations': 0.6.4_@firebase+app@0.9.4
      '@firebase/logger': 0.4.0
      '@firebase/util': 1.9.3
      tslib: 2.5.0
    dev: false

  /@firebase/storage-compat/0.3.2_rq6m7t6z56notcsj2kwjatlp5i:
    resolution: {integrity: sha512-wvsXlLa9DVOMQJckbDNhXKKxRNNewyUhhbXev3t8kSgoCotd1v3MmqhKKz93ePhDnhHnDs7bYHy+Qa8dRY6BXw==}
    peerDependencies:
      '@firebase/app-compat': 0.x
    dependencies:
      '@firebase/app-compat': 0.2.4
      '@firebase/component': 0.6.4
      '@firebase/storage': 0.11.2_@firebase+app@0.9.4
      '@firebase/storage-types': 0.8.0_pe7cbgjgh7vzd7cjsjzacprt4m
      '@firebase/util': 1.9.3
      tslib: 2.5.0
    transitivePeerDependencies:
      - '@firebase/app'
      - '@firebase/app-types'
      - encoding
    dev: false

  /@firebase/storage-types/0.8.0_pe7cbgjgh7vzd7cjsjzacprt4m:
    resolution: {integrity: sha512-isRHcGrTs9kITJC0AVehHfpraWFui39MPaU7Eo8QfWlqW7YPymBmRgjDrlOgFdURh6Cdeg07zmkLP5tzTKRSpg==}
    peerDependencies:
      '@firebase/app-types': 0.x
      '@firebase/util': 1.x
    dependencies:
      '@firebase/app-types': 0.9.0
      '@firebase/util': 1.9.3
    dev: false

  /@firebase/storage/0.11.2_@firebase+app@0.9.4:
    resolution: {integrity: sha512-CtvoFaBI4hGXlXbaCHf8humajkbXhs39Nbh6MbNxtwJiCqxPy9iH3D3CCfXAvP0QvAAwmJUTK3+z9a++Kc4nkA==}
    peerDependencies:
      '@firebase/app': 0.x
    dependencies:
      '@firebase/app': 0.9.4
      '@firebase/component': 0.6.4
      '@firebase/util': 1.9.3
      node-fetch: 2.6.7
      tslib: 2.5.0
    transitivePeerDependencies:
      - encoding
    dev: false

  /@firebase/util/1.9.3:
    resolution: {integrity: sha512-DY02CRhOZwpzO36fHpuVysz6JZrscPiBXD0fXp6qSrL9oNOx5KWICKdR95C0lSITzxp0TZosVyHqzatE8JbcjA==}
    dependencies:
      tslib: 2.5.0
    dev: false

  /@firebase/webchannel-wrapper/0.9.0:
    resolution: {integrity: sha512-BpiZLBWdLFw+qFel9p3Zs1jD6QmH7Ii4aTDu6+vx8ShdidChZUXqDhYJly4ZjSgQh54miXbBgBrk0S+jTIh/Qg==}
    dev: false

  /@grpc/grpc-js/1.7.3:
    resolution: {integrity: sha512-H9l79u4kJ2PVSxUNA08HMYAnUBLj9v6KjYQ7SQ71hOZcEXhShE/y5iQCesP8+6/Ik/7i2O0a10bPquIcYfufog==}
    engines: {node: ^8.13.0 || >=10.10.0}
    dependencies:
      '@grpc/proto-loader': 0.7.5
      '@types/node': 18.15.0
    dev: false

  /@grpc/proto-loader/0.6.13:
    resolution: {integrity: sha512-FjxPYDRTn6Ec3V0arm1FtSpmP6V50wuph2yILpyvTKzjc76oDdoihXqM1DzOW5ubvCC8GivfCnNtfaRE8myJ7g==}
    engines: {node: '>=6'}
    hasBin: true
    dependencies:
      '@types/long': 4.0.2
      lodash.camelcase: 4.3.0
      long: 4.0.0
      protobufjs: 6.11.3
      yargs: 16.2.0
    dev: false

  /@grpc/proto-loader/0.7.5:
    resolution: {integrity: sha512-mfcTuMbFowq1wh/Rn5KQl6qb95M21Prej3bewD9dUQMurYGVckGO/Pbe2Ocwto6sD05b/mxZLspvqwx60xO2Rg==}
    engines: {node: '>=6'}
    hasBin: true
    dependencies:
      '@types/long': 4.0.2
      lodash.camelcase: 4.3.0
      long: 4.0.0
      protobufjs: 7.2.2
      yargs: 16.2.0
    dev: false

  /@protobufjs/aspromise/1.1.2:
    resolution: {integrity: sha512-j+gKExEuLmKwvz3OgROXtrJ2UG2x8Ch2YZUxahh+s1F2HZ+wAceUNLkvy6zKCPVRkU++ZWQrdxsUeQXmcg4uoQ==}
    dev: false

  /@protobufjs/base64/1.1.2:
    resolution: {integrity: sha512-AZkcAA5vnN/v4PDqKyMR5lx7hZttPDgClv83E//FMNhR2TMcLUhfRUBHCmSl0oi9zMgDDqRUJkSxO3wm85+XLg==}
    dev: false

  /@protobufjs/codegen/2.0.4:
    resolution: {integrity: sha512-YyFaikqM5sH0ziFZCN3xDC7zeGaB/d0IUb9CATugHWbd1FRFwWwt4ld4OYMPWu5a3Xe01mGAULCdqhMlPl29Jg==}
    dev: false

  /@protobufjs/eventemitter/1.1.0:
    resolution: {integrity: sha512-j9ednRT81vYJ9OfVuXG6ERSTdEL1xVsNgqpkxMsbIabzSo3goCjDIveeGv5d03om39ML71RdmrGNjG5SReBP/Q==}
    dev: false

  /@protobufjs/fetch/1.1.0:
    resolution: {integrity: sha512-lljVXpqXebpsijW71PZaCYeIcE5on1w5DlQy5WH6GLbFryLUrBD4932W/E2BSpfRJWseIL4v/KPgBFxDOIdKpQ==}
    dependencies:
      '@protobufjs/aspromise': 1.1.2
      '@protobufjs/inquire': 1.1.0
    dev: false

  /@protobufjs/float/1.0.2:
    resolution: {integrity: sha512-Ddb+kVXlXst9d+R9PfTIxh1EdNkgoRe5tOX6t01f1lYWOvJnSPDBlG241QLzcyPdoNTsblLUdujGSE4RzrTZGQ==}
    dev: false

  /@protobufjs/inquire/1.1.0:
    resolution: {integrity: sha512-kdSefcPdruJiFMVSbn801t4vFK7KB/5gd2fYvrxhuJYg8ILrmn9SKSX2tZdV6V+ksulWqS7aXjBcRXl3wHoD9Q==}
    dev: false

  /@protobufjs/path/1.1.2:
    resolution: {integrity: sha512-6JOcJ5Tm08dOHAbdR3GrvP+yUUfkjG5ePsHYczMFLq3ZmMkAD98cDgcT2iA1lJ9NVwFd4tH/iSSoe44YWkltEA==}
    dev: false

  /@protobufjs/pool/1.1.0:
    resolution: {integrity: sha512-0kELaGSIDBKvcgS4zkjz1PeddatrjYcmMWOlAuAPwAeccUrPHdUqo/J6LiymHHEiJT5NrF1UVwxY14f+fy4WQw==}
    dev: false

  /@protobufjs/utf8/1.1.0:
    resolution: {integrity: sha512-Vvn3zZrhQZkkBE8LSuW3em98c0FwgO4nxzv6OdSxPKJIEKY2bGbHn+mhGIPerzI4twdxaP8/0+06HBpwf345Lw==}
    dev: false

  /@types/long/4.0.2:
    resolution: {integrity: sha512-MqTGEo5bj5t157U6fA/BiDynNkn0YknVdh48CMPkTSpFTVmvao5UQmm7uEF6xBEo7qIMAlY/JSleYaE6VOdpaA==}
    dev: false

  /@types/node/18.15.0:
    resolution: {integrity: sha512-z6nr0TTEOBGkzLGmbypWOGnpSpSIBorEhC4L+4HeQ2iezKCi4f77kyslRwvHeNitymGQ+oFyIWGP96l/DPSV9w==}
    dev: false

  /@vitejs/plugin-vue/2.3.1_vite@2.9.6+vue@3.2.33:
    resolution: {integrity: sha512-YNzBt8+jt6bSwpt7LP890U1UcTOIZZxfpE5WOJ638PNxSEKOqAi0+FSKS0nVeukfdZ0Ai/H7AFd6k3hayfGZqQ==}
    engines: {node: '>=12.0.0'}
    peerDependencies:
      vite: ^2.5.10
      vue: ^3.2.25
    dependencies:
      vite: 2.9.6
      vue: 3.2.33
    dev: true

  /@vue/compiler-core/3.2.33:
    resolution: {integrity: sha512-AAmr52ji3Zhk7IKIuigX2osWWsb2nQE5xsdFYjdnmtQ4gymmqXbjLvkSE174+fF3A3kstYrTgGkqgOEbsdLDpw==}
    dependencies:
      '@babel/parser': 7.17.9
      '@vue/shared': 3.2.33
      estree-walker: 2.0.2
      source-map: 0.6.1

  /@vue/compiler-dom/3.2.33:
    resolution: {integrity: sha512-GhiG1C8X98Xz9QUX/RlA6/kgPBWJkjq0Rq6//5XTAGSYrTMBgcLpP9+CnlUg1TFxnnCVughAG+KZl28XJqw8uQ==}
    dependencies:
      '@vue/compiler-core': 3.2.33
      '@vue/shared': 3.2.33

  /@vue/compiler-sfc/3.2.33:
    resolution: {integrity: sha512-H8D0WqagCr295pQjUYyO8P3IejM3vEzeCO1apzByAEaAR/WimhMYczHfZVvlCE/9yBaEu/eu9RdiWr0kF8b71Q==}
    dependencies:
      '@babel/parser': 7.17.9
      '@vue/compiler-core': 3.2.33
      '@vue/compiler-dom': 3.2.33
      '@vue/compiler-ssr': 3.2.33
      '@vue/reactivity-transform': 3.2.33
      '@vue/shared': 3.2.33
      estree-walker: 2.0.2
      magic-string: 0.25.9
      postcss: 8.4.12
      source-map: 0.6.1

  /@vue/compiler-ssr/3.2.33:
    resolution: {integrity: sha512-XQh1Xdk3VquDpXsnoCd7JnMoWec9CfAzQDQsaMcSU79OrrO2PNR0ErlIjm/mGq3GmBfkQjzZACV+7GhfRB8xMQ==}
    dependencies:
      '@vue/compiler-dom': 3.2.33
      '@vue/shared': 3.2.33

  /@vue/devtools-api/6.1.4:
    resolution: {integrity: sha512-IiA0SvDrJEgXvVxjNkHPFfDx6SXw0b/TUkqMcDZWNg9fnCAHbTpoo59YfJ9QLFkwa3raau5vSlRVzMSLDnfdtQ==}
    dev: false

  /@vue/reactivity-transform/3.2.33:
    resolution: {integrity: sha512-4UL5KOIvSQb254aqenW4q34qMXbfZcmEsV/yVidLUgvwYQQ/D21bGX3DlgPUGI3c4C+iOnNmDCkIxkILoX/Pyw==}
    dependencies:
      '@babel/parser': 7.17.9
      '@vue/compiler-core': 3.2.33
      '@vue/shared': 3.2.33
      estree-walker: 2.0.2
      magic-string: 0.25.9

  /@vue/reactivity/3.2.33:
    resolution: {integrity: sha512-62Sq0mp9/0bLmDuxuLD5CIaMG2susFAGARLuZ/5jkU1FCf9EDbwUuF+BO8Ub3Rbodx0ziIecM/NsmyjardBxfQ==}
    dependencies:
      '@vue/shared': 3.2.33

  /@vue/runtime-core/3.2.33:
    resolution: {integrity: sha512-N2D2vfaXsBPhzCV3JsXQa2NECjxP3eXgZlFqKh4tgakp3iX6LCGv76DLlc+IfFZq+TW10Y8QUfeihXOupJ1dGw==}
    dependencies:
      '@vue/reactivity': 3.2.33
      '@vue/shared': 3.2.33

  /@vue/runtime-dom/3.2.33:
    resolution: {integrity: sha512-LSrJ6W7CZTSUygX5s8aFkraDWlO6K4geOwA3quFF2O+hC3QuAMZt/0Xb7JKE3C4JD4pFwCSO7oCrZmZ0BIJUnw==}
    dependencies:
      '@vue/runtime-core': 3.2.33
      '@vue/shared': 3.2.33
      csstype: 2.6.20

  /@vue/server-renderer/3.2.33_vue@3.2.33:
    resolution: {integrity: sha512-4jpJHRD4ORv8PlbYi+/MfP8ec1okz6rybe36MdpkDrGIdEItHEUyaHSKvz+ptNEyQpALmmVfRteHkU9F8vxOew==}
    peerDependencies:
      vue: 3.2.33
    dependencies:
      '@vue/compiler-ssr': 3.2.33
      '@vue/shared': 3.2.33
      vue: 3.2.33

  /@vue/shared/3.2.33:
    resolution: {integrity: sha512-UBc1Pg1T3yZ97vsA2ueER0F6GbJebLHYlEi4ou1H5YL4KWvMOOWwpYo9/QpWq93wxKG6Wo13IY74Hcn/f7c7Bg==}

  /ansi-regex/5.0.1:
    resolution: {integrity: sha512-quJQXlTSUGL2LH9SUXo8VwsY4soanhgo6LNSm84E1LBcE8s3O0wpdiRzyR9z/ZZJMlMWv37qOOb9pdJlMUEKFQ==}
    engines: {node: '>=8'}
    dev: false

  /ansi-styles/4.3.0:
    resolution: {integrity: sha512-zbB9rCJAT1rbjiVDb2hqKFHNYLxgtk8NURxZ3IZwD3F6NtxbXZQCnnSi1Lkx+IDohdPlFp222wVALIheZJQSEg==}
    engines: {node: '>=8'}
    dependencies:
      color-convert: 2.0.1
    dev: false

  /cliui/7.0.4:
    resolution: {integrity: sha512-OcRE68cOsVMXp1Yvonl/fzkQOyjLSu/8bhPDfQt0e0/Eb283TKP20Fs2MqoPsr9SwA595rRCA+QMzYc9nBP+JQ==}
    dependencies:
      string-width: 4.2.3
      strip-ansi: 6.0.1
      wrap-ansi: 7.0.0
    dev: false

  /color-convert/2.0.1:
    resolution: {integrity: sha512-RRECPsj7iu/xb5oKYcsFHSppFNnsj/52OVTRKb4zP5onXwVF3zVmmToNcOfGC+CRDpfK/U584fMg38ZHCaElKQ==}
    engines: {node: '>=7.0.0'}
    dependencies:
      color-name: 1.1.4
    dev: false

  /color-name/1.1.4:
    resolution: {integrity: sha512-dOy+3AuW3a2wNbZHIuMZpTcgjGuLU/uBL/ubcZF9OXbDo8ff4O8yVp5Bf0efS8uEoYo5q4Fx7dY9OgQGXgAsQA==}
    dev: false

  /csstype/2.6.20:
    resolution: {integrity: sha512-/WwNkdXfckNgw6S5R125rrW8ez139lBHWouiBvX8dfMFtcn6V81REDqnH7+CRpRipfYlyU1CmOnOxrmGcFOjeA==}

  /emoji-regex/8.0.0:
    resolution: {integrity: sha512-MSjYzcWNOA0ewAHpz0MxpYFvwg6yjy1NG3xteoqz644VCo/RPgnr1/GGt+ic3iJTzQ8Eu3TdM14SawnVUmGE6A==}
    dev: false

  /esbuild-android-64/0.14.38:
    resolution: {integrity: sha512-aRFxR3scRKkbmNuGAK+Gee3+yFxkTJO/cx83Dkyzo4CnQl/2zVSurtG6+G86EQIZ+w+VYngVyK7P3HyTBKu3nw==}
    engines: {node: '>=12'}
    cpu: [x64]
    os: [android]
    requiresBuild: true
    dev: true
    optional: true

  /esbuild-android-arm64/0.14.38:
    resolution: {integrity: sha512-L2NgQRWuHFI89IIZIlpAcINy9FvBk6xFVZ7xGdOwIm8VyhX1vNCEqUJO3DPSSy945Gzdg98cxtNt8Grv1CsyhA==}
    engines: {node: '>=12'}
    cpu: [arm64]
    os: [android]
    requiresBuild: true
    dev: true
    optional: true

  /esbuild-darwin-64/0.14.38:
    resolution: {integrity: sha512-5JJvgXkX87Pd1Og0u/NJuO7TSqAikAcQQ74gyJ87bqWRVeouky84ICoV4sN6VV53aTW+NE87qLdGY4QA2S7KNA==}
    engines: {node: '>=12'}
    cpu: [x64]
    os: [darwin]
    requiresBuild: true
    dev: true
    optional: true

  /esbuild-darwin-arm64/0.14.38:
    resolution: {integrity: sha512-eqF+OejMI3mC5Dlo9Kdq/Ilbki9sQBw3QlHW3wjLmsLh+quNfHmGMp3Ly1eWm981iGBMdbtSS9+LRvR2T8B3eQ==}
    engines: {node: '>=12'}
    cpu: [arm64]
    os: [darwin]
    requiresBuild: true
    dev: true
    optional: true

  /esbuild-freebsd-64/0.14.38:
    resolution: {integrity: sha512-epnPbhZUt93xV5cgeY36ZxPXDsQeO55DppzsIgWM8vgiG/Rz+qYDLmh5ts3e+Ln1wA9dQ+nZmVHw+RjaW3I5Ig==}
    engines: {node: '>=12'}
    cpu: [x64]
    os: [freebsd]
    requiresBuild: true
    dev: true
    optional: true

  /esbuild-freebsd-arm64/0.14.38:
    resolution: {integrity: sha512-/9icXUYJWherhk+y5fjPI5yNUdFPtXHQlwP7/K/zg8t8lQdHVj20SqU9/udQmeUo5pDFHMYzcEFfJqgOVeKNNQ==}
    engines: {node: '>=12'}
    cpu: [arm64]
    os: [freebsd]
    requiresBuild: true
    dev: true
    optional: true

  /esbuild-linux-32/0.14.38:
    resolution: {integrity: sha512-QfgfeNHRFvr2XeHFzP8kOZVnal3QvST3A0cgq32ZrHjSMFTdgXhMhmWdKzRXP/PKcfv3e2OW9tT9PpcjNvaq6g==}
    engines: {node: '>=12'}
    cpu: [ia32]
    os: [linux]
    requiresBuild: true
    dev: true
    optional: true

  /esbuild-linux-64/0.14.38:
    resolution: {integrity: sha512-uuZHNmqcs+Bj1qiW9k/HZU3FtIHmYiuxZ/6Aa+/KHb/pFKr7R3aVqvxlAudYI9Fw3St0VCPfv7QBpUITSmBR1Q==}
    engines: {node: '>=12'}
    cpu: [x64]
    os: [linux]
    requiresBuild: true
    dev: true
    optional: true

  /esbuild-linux-arm/0.14.38:
    resolution: {integrity: sha512-FiFvQe8J3VKTDXG01JbvoVRXQ0x6UZwyrU4IaLBZeq39Bsbatd94Fuc3F1RGqPF5RbIWW7RvkVQjn79ejzysnA==}
    engines: {node: '>=12'}
    cpu: [arm]
    os: [linux]
    requiresBuild: true
    dev: true
    optional: true

  /esbuild-linux-arm64/0.14.38:
    resolution: {integrity: sha512-HlMGZTEsBrXrivr64eZ/EO0NQM8H8DuSENRok9d+Jtvq8hOLzrxfsAT9U94K3KOGk2XgCmkaI2KD8hX7F97lvA==}
    engines: {node: '>=12'}
    cpu: [arm64]
    os: [linux]
    requiresBuild: true
    dev: true
    optional: true

  /esbuild-linux-mips64le/0.14.38:
    resolution: {integrity: sha512-qd1dLf2v7QBiI5wwfil9j0HG/5YMFBAmMVmdeokbNAMbcg49p25t6IlJFXAeLzogv1AvgaXRXvgFNhScYEUXGQ==}
    engines: {node: '>=12'}
    cpu: [mips64el]
    os: [linux]
    requiresBuild: true
    dev: true
    optional: true

  /esbuild-linux-ppc64le/0.14.38:
    resolution: {integrity: sha512-mnbEm7o69gTl60jSuK+nn+pRsRHGtDPfzhrqEUXyCl7CTOCLtWN2bhK8bgsdp6J/2NyS/wHBjs1x8aBWwP2X9Q==}
    engines: {node: '>=12'}
    cpu: [ppc64]
    os: [linux]
    requiresBuild: true
    dev: true
    optional: true

  /esbuild-linux-riscv64/0.14.38:
    resolution: {integrity: sha512-+p6YKYbuV72uikChRk14FSyNJZ4WfYkffj6Af0/Tw63/6TJX6TnIKE+6D3xtEc7DeDth1fjUOEqm+ApKFXbbVQ==}
    engines: {node: '>=12'}
    cpu: [riscv64]
    os: [linux]
    requiresBuild: true
    dev: true
    optional: true

  /esbuild-linux-s390x/0.14.38:
    resolution: {integrity: sha512-0zUsiDkGJiMHxBQ7JDU8jbaanUY975CdOW1YDrurjrM0vWHfjv9tLQsW9GSyEb/heSK1L5gaweRjzfUVBFoybQ==}
    engines: {node: '>=12'}
    cpu: [s390x]
    os: [linux]
    requiresBuild: true
    dev: true
    optional: true

  /esbuild-netbsd-64/0.14.38:
    resolution: {integrity: sha512-cljBAApVwkpnJZfnRVThpRBGzCi+a+V9Ofb1fVkKhtrPLDYlHLrSYGtmnoTVWDQdU516qYI8+wOgcGZ4XIZh0Q==}
    engines: {node: '>=12'}
    cpu: [x64]
    os: [netbsd]
    requiresBuild: true
    dev: true
    optional: true

  /esbuild-openbsd-64/0.14.38:
    resolution: {integrity: sha512-CDswYr2PWPGEPpLDUO50mL3WO/07EMjnZDNKpmaxUPsrW+kVM3LoAqr/CE8UbzugpEiflYqJsGPLirThRB18IQ==}
    engines: {node: '>=12'}
    cpu: [x64]
    os: [openbsd]
    requiresBuild: true
    dev: true
    optional: true

  /esbuild-sunos-64/0.14.38:
    resolution: {integrity: sha512-2mfIoYW58gKcC3bck0j7lD3RZkqYA7MmujFYmSn9l6TiIcAMpuEvqksO+ntBgbLep/eyjpgdplF7b+4T9VJGOA==}
    engines: {node: '>=12'}
    cpu: [x64]
    os: [sunos]
    requiresBuild: true
    dev: true
    optional: true

  /esbuild-windows-32/0.14.38:
    resolution: {integrity: sha512-L2BmEeFZATAvU+FJzJiRLFUP+d9RHN+QXpgaOrs2klshoAm1AE6Us4X6fS9k33Uy5SzScn2TpcgecbqJza1Hjw==}
    engines: {node: '>=12'}
    cpu: [ia32]
    os: [win32]
    requiresBuild: true
    dev: true
    optional: true

  /esbuild-windows-64/0.14.38:
    resolution: {integrity: sha512-Khy4wVmebnzue8aeSXLC+6clo/hRYeNIm0DyikoEqX+3w3rcvrhzpoix0S+MF9vzh6JFskkIGD7Zx47ODJNyCw==}
    engines: {node: '>=12'}
    cpu: [x64]
    os: [win32]
    requiresBuild: true
    dev: true
    optional: true

  /esbuild-windows-arm64/0.14.38:
    resolution: {integrity: sha512-k3FGCNmHBkqdJXuJszdWciAH77PukEyDsdIryEHn9cKLQFxzhT39dSumeTuggaQcXY57UlmLGIkklWZo2qzHpw==}
    engines: {node: '>=12'}
    cpu: [arm64]
    os: [win32]
    requiresBuild: true
    dev: true
    optional: true

  /esbuild/0.14.38:
    resolution: {integrity: sha512-12fzJ0fsm7gVZX1YQ1InkOE5f9Tl7cgf6JPYXRJtPIoE0zkWAbHdPHVPPaLi9tYAcEBqheGzqLn/3RdTOyBfcA==}
    engines: {node: '>=12'}
    hasBin: true
    requiresBuild: true
    optionalDependencies:
      esbuild-android-64: 0.14.38
      esbuild-android-arm64: 0.14.38
      esbuild-darwin-64: 0.14.38
      esbuild-darwin-arm64: 0.14.38
      esbuild-freebsd-64: 0.14.38
      esbuild-freebsd-arm64: 0.14.38
      esbuild-linux-32: 0.14.38
      esbuild-linux-64: 0.14.38
      esbuild-linux-arm: 0.14.38
      esbuild-linux-arm64: 0.14.38
      esbuild-linux-mips64le: 0.14.38
      esbuild-linux-ppc64le: 0.14.38
      esbuild-linux-riscv64: 0.14.38
      esbuild-linux-s390x: 0.14.38
      esbuild-netbsd-64: 0.14.38
      esbuild-openbsd-64: 0.14.38
      esbuild-sunos-64: 0.14.38
      esbuild-windows-32: 0.14.38
      esbuild-windows-64: 0.14.38
      esbuild-windows-arm64: 0.14.38
    dev: true

  /escalade/3.1.1:
    resolution: {integrity: sha512-k0er2gUkLf8O0zKJiAhmkTnJlTvINGv7ygDNPbeIsX/TJjGJZHuh9B2UxbsaEkmlEo9MfhrSzmhIlhRlI2GXnw==}
    engines: {node: '>=6'}
    dev: false

  /estree-walker/2.0.2:
    resolution: {integrity: sha512-Rfkk/Mp/DL7JVje3u18FxFujQlTNR2q6QfMSMB7AvCBx91NGj/ba3kCfza0f6dVDbw7YlRf/nDrn7pQrCCyQ/w==}

  /faye-websocket/0.11.4:
    resolution: {integrity: sha512-CzbClwlXAuiRQAlUyfqPgvPoNKTckTPGfwZV4ZdAhVcP2lh9KUxJg2b5GkE7XbjKQ3YJnQ9z6D9ntLAlB+tP8g==}
    engines: {node: '>=0.8.0'}
    dependencies:
      websocket-driver: 0.7.4
    dev: false

  /firebase/9.17.2:
    resolution: {integrity: sha512-2V95/evwB3zsi6RYHCvPXfkiQrSepFQJohv3YGoQVhS0bvXuYXmkLtrCVGShxneB/5t9HE5C9q9C8XPnK4APBw==}
    dependencies:
      '@firebase/analytics': 0.9.4_@firebase+app@0.9.4
      '@firebase/analytics-compat': 0.2.4_qunw4j5gqxvsjftjccuuhjts3m
      '@firebase/app': 0.9.4
      '@firebase/app-check': 0.6.4_@firebase+app@0.9.4
      '@firebase/app-check-compat': 0.3.4_qunw4j5gqxvsjftjccuuhjts3m
      '@firebase/app-compat': 0.2.4
      '@firebase/app-types': 0.9.0
      '@firebase/auth': 0.21.4_@firebase+app@0.9.4
      '@firebase/auth-compat': 0.3.4_rq6m7t6z56notcsj2kwjatlp5i
      '@firebase/database': 0.14.4
      '@firebase/database-compat': 0.3.4
      '@firebase/firestore': 3.8.4_@firebase+app@0.9.4
      '@firebase/firestore-compat': 0.3.4_rq6m7t6z56notcsj2kwjatlp5i
      '@firebase/functions': 0.9.4_@firebase+app@0.9.4
      '@firebase/functions-compat': 0.3.4_qunw4j5gqxvsjftjccuuhjts3m
      '@firebase/installations': 0.6.4_@firebase+app@0.9.4
      '@firebase/installations-compat': 0.2.4_rq6m7t6z56notcsj2kwjatlp5i
      '@firebase/messaging': 0.12.4_@firebase+app@0.9.4
      '@firebase/messaging-compat': 0.2.4_qunw4j5gqxvsjftjccuuhjts3m
      '@firebase/performance': 0.6.4_@firebase+app@0.9.4
      '@firebase/performance-compat': 0.2.4_qunw4j5gqxvsjftjccuuhjts3m
      '@firebase/remote-config': 0.4.4_@firebase+app@0.9.4
      '@firebase/remote-config-compat': 0.2.4_qunw4j5gqxvsjftjccuuhjts3m
      '@firebase/storage': 0.11.2_@firebase+app@0.9.4
      '@firebase/storage-compat': 0.3.2_rq6m7t6z56notcsj2kwjatlp5i
      '@firebase/util': 1.9.3
    transitivePeerDependencies:
      - encoding
    dev: false

  /fsevents/2.3.2:
    resolution: {integrity: sha512-xiqMQR4xAeHTuB9uWm+fFRcIOgKBMiOBP+eXiyT7jsgVCq1bkVygt00oASowB7EdtpOHaaPgKt812P9ab+DDKA==}
    engines: {node: ^8.16.0 || ^10.6.0 || >=11.0.0}
    os: [darwin]
    requiresBuild: true
    dev: true
    optional: true

  /function-bind/1.1.1:
    resolution: {integrity: sha512-yIovAzMX49sF8Yl58fSCWJ5svSLuaibPxXQJFLmBObTuCr0Mf1KiPopGM9NiFjiYBCbfaa2Fh6breQ6ANVTI0A==}
    dev: true

  /get-caller-file/2.0.5:
    resolution: {integrity: sha512-DyFP3BM/3YHTQOCUL/w0OZHR0lpKeGrxotcHWcqNEdnltqFwXVfhEBQ94eIo34AfQpo0rGki4cyIiftY06h2Fg==}
    engines: {node: 6.* || 8.* || >= 10.*}
    dev: false

  /has/1.0.3:
    resolution: {integrity: sha512-f2dvO0VU6Oej7RkWJGrehjbzMAjFp5/VKPp5tTpWIV4JHHZK1/BxbFRtf/siA2SWTe09caDmVtYYzWEIbBS4zw==}
    engines: {node: '>= 0.4.0'}
    dependencies:
      function-bind: 1.1.1
    dev: true

  /http-parser-js/0.5.8:
    resolution: {integrity: sha512-SGeBX54F94Wgu5RH3X5jsDtf4eHyRogWX1XGT3b4HuW3tQPM4AaBzoUji/4AAJNXCEOWZ5O0DgZmJw1947gD5Q==}
    dev: false

  /idb/7.0.1:
    resolution: {integrity: sha512-UUxlE7vGWK5RfB/fDwEGgRf84DY/ieqNha6msMV99UsEMQhJ1RwbCd8AYBj3QMgnE3VZnfQvm4oKVCJTYlqIgg==}
    dev: false

  /is-core-module/2.9.0:
    resolution: {integrity: sha512-+5FPy5PnwmO3lvfMb0AsoPaBG+5KHUI0wYFXOtYPnVVVspTFUuMZNfNaNVRt3FZadstu2c8x23vykRW/NBoU6A==}
    dependencies:
      has: 1.0.3
    dev: true

  /is-fullwidth-code-point/3.0.0:
    resolution: {integrity: sha512-zymm5+u+sCsSWyD9qNaejV3DFvhCKclKdizYaJUuHA83RLjb7nSuGnddCHGv0hk+KY7BMAlsWeK4Ueg6EV6XQg==}
    engines: {node: '>=8'}
    dev: false

  /lodash.camelcase/4.3.0:
    resolution: {integrity: sha512-TwuEnCnxbc3rAvhf/LbG7tJUDzhqXyFnv3dtzLOPgCG/hODL7WFnsbwktkD7yUV0RrreP/l1PALq/YSg6VvjlA==}
    dev: false

  /long/4.0.0:
    resolution: {integrity: sha512-XsP+KhQif4bjX1kbuSiySJFNAehNxgLb6hPRGJ9QsUr8ajHkuXGdrHmFUTUUXhDwVX2R5bY4JNZEwbUiMhV+MA==}
    dev: false

  /long/5.2.1:
    resolution: {integrity: sha512-GKSNGeNAtw8IryjjkhZxuKB3JzlcLTwjtiQCHKvqQet81I93kXslhDQruGI/QsddO83mcDToBVy7GqGS/zYf/A==}
    dev: false

  /magic-string/0.25.9:
    resolution: {integrity: sha512-RmF0AsMzgt25qzqqLc1+MbHmhdx0ojF2Fvs4XnOqz2ZOBXzzkEwc/dJQZCYHAn7v1jbVOjAZfK8msRn4BxO4VQ==}
    dependencies:
      sourcemap-codec: 1.4.8

  /nanoid/3.3.3:
    resolution: {integrity: sha512-p1sjXuopFs0xg+fPASzQ28agW1oHD7xDsd9Xkf3T15H3c/cifrFHVwrh74PdoklAPi+i7MdRsE47vm2r6JoB+w==}
    engines: {node: ^10 || ^12 || ^13.7 || ^14 || >=15.0.1}
    hasBin: true

  /node-fetch/2.6.7:
    resolution: {integrity: sha512-ZjMPFEfVx5j+y2yF35Kzx5sF7kDzxuDj6ziH4FFbOp87zKDZNx8yExJIb05OGF4Nlt9IHFIMBkRl41VdvcNdbQ==}
    engines: {node: 4.x || >=6.0.0}
    peerDependencies:
      encoding: ^0.1.0
    peerDependenciesMeta:
      encoding:
        optional: true
    dependencies:
      whatwg-url: 5.0.0
    dev: false

  /path-parse/1.0.7:
    resolution: {integrity: sha512-LDJzPVEEEPR+y48z93A0Ed0yXb8pAByGWo/k5YYdYgpY2/2EsOsksJrq7lOHxryrVOn1ejG6oAp8ahvOIQD8sw==}
    dev: true

  /picocolors/1.0.0:
    resolution: {integrity: sha512-1fygroTLlHu66zi26VoTDv8yRgm0Fccecssto+MhsZ0D/DGW2sm8E8AjW7NU5VVTRt5GxbeZ5qBuJr+HyLYkjQ==}

  /pinia/2.0.13_vue@3.2.33:
    resolution: {integrity: sha512-B7rSqm1xNpwcPMnqns8/gVBfbbi7lWTByzS6aPZ4JOXSJD4Y531rZHDCoYWBwLyHY/8hWnXljgiXp6rRyrofcw==}
    peerDependencies:
      '@vue/composition-api': ^1.4.0
      typescript: '>=4.4.4'
      vue: ^2.6.14 || ^3.2.0
    peerDependenciesMeta:
      '@vue/composition-api':
        optional: true
      typescript:
        optional: true
    dependencies:
      '@vue/devtools-api': 6.1.4
      vue: 3.2.33
      vue-demi: 0.12.5_vue@3.2.33
    dev: false

  /postcss/8.4.12:
    resolution: {integrity: sha512-lg6eITwYe9v6Hr5CncVbK70SoioNQIq81nsaG86ev5hAidQvmOeETBqs7jm43K2F5/Ley3ytDtriImV6TpNiSg==}
    engines: {node: ^10 || ^12 || >=14}
    dependencies:
      nanoid: 3.3.3
      picocolors: 1.0.0
      source-map-js: 1.0.2

  /protobufjs/6.11.3:
    resolution: {integrity: sha512-xL96WDdCZYdU7Slin569tFX712BxsxslWwAfAhCYjQKGTq7dAU91Lomy6nLLhh/dyGhk/YH4TwTSRxTzhuHyZg==}
    hasBin: true
    requiresBuild: true
    dependencies:
      '@protobufjs/aspromise': 1.1.2
      '@protobufjs/base64': 1.1.2
      '@protobufjs/codegen': 2.0.4
      '@protobufjs/eventemitter': 1.1.0
      '@protobufjs/fetch': 1.1.0
      '@protobufjs/float': 1.0.2
      '@protobufjs/inquire': 1.1.0
      '@protobufjs/path': 1.1.2
      '@protobufjs/pool': 1.1.0
      '@protobufjs/utf8': 1.1.0
      '@types/long': 4.0.2
      '@types/node': 18.15.0
      long: 4.0.0
    dev: false

  /protobufjs/7.2.2:
    resolution: {integrity: sha512-++PrQIjrom+bFDPpfmqXfAGSQs40116JRrqqyf53dymUMvvb5d/LMRyicRoF1AUKoXVS1/IgJXlEgcpr4gTF3Q==}
    engines: {node: '>=12.0.0'}
    requiresBuild: true
    dependencies:
      '@protobufjs/aspromise': 1.1.2
      '@protobufjs/base64': 1.1.2
      '@protobufjs/codegen': 2.0.4
      '@protobufjs/eventemitter': 1.1.0
      '@protobufjs/fetch': 1.1.0
      '@protobufjs/float': 1.0.2
      '@protobufjs/inquire': 1.1.0
      '@protobufjs/path': 1.1.2
      '@protobufjs/pool': 1.1.0
      '@protobufjs/utf8': 1.1.0
      '@types/node': 18.15.0
      long: 5.2.1
    dev: false

  /require-directory/2.1.1:
    resolution: {integrity: sha512-fGxEI7+wsG9xrvdjsrlmL22OMTTiHRwAMroiEeMgq8gzoLC/PQr7RsRDSTLUg/bZAZtF+TVIkHc6/4RIKrui+Q==}
    engines: {node: '>=0.10.0'}
    dev: false

  /resolve/1.22.0:
    resolution: {integrity: sha512-Hhtrw0nLeSrFQ7phPp4OOcVjLPIeMnRlr5mcnVuMe7M/7eBn98A3hmFRLoFo3DLZkivSYwhRUJTyPyWAk56WLw==}
    hasBin: true
    dependencies:
      is-core-module: 2.9.0
      path-parse: 1.0.7
      supports-preserve-symlinks-flag: 1.0.0
    dev: true

  /rollup/2.70.2:
    resolution: {integrity: sha512-EitogNZnfku65I1DD5Mxe8JYRUCy0hkK5X84IlDtUs+O6JRMpRciXTzyCUuX11b5L5pvjH+OmFXiQ3XjabcXgg==}
    engines: {node: '>=10.0.0'}
    hasBin: true
    optionalDependencies:
      fsevents: 2.3.2
    dev: true

  /safe-buffer/5.2.1:
    resolution: {integrity: sha512-rp3So07KcdmmKbGvgaNxQSJr7bGVSVk5S9Eq1F+ppbRo70+YeaDxkw5Dd8NPN+GD6bjnYm2VuPuCXmpuYvmCXQ==}
    dev: false

  /source-map-js/1.0.2:
    resolution: {integrity: sha512-R0XvVJ9WusLiqTCEiGCmICCMplcCkIwwR11mOSD9CR5u+IXYdiseeEuXCVAjS54zqwkLcPNnmU4OeJ6tUrWhDw==}
    engines: {node: '>=0.10.0'}

  /source-map/0.6.1:
    resolution: {integrity: sha512-UjgapumWlbMhkBgzT7Ykc5YXUT46F0iKu8SGXq0bcwP5dz/h0Plj6enJqjz1Zbq2l5WaqYnrVbwWOWMyF3F47g==}
    engines: {node: '>=0.10.0'}

  /sourcemap-codec/1.4.8:
    resolution: {integrity: sha512-9NykojV5Uih4lgo5So5dtw+f0JgJX30KCNI8gwhz2J9A15wD0Ml6tjHKwf6fTSa6fAdVBdZeNOs9eJ71qCk8vA==}

  /string-width/4.2.3:
    resolution: {integrity: sha512-wKyQRQpjJ0sIp62ErSZdGsjMJWsap5oRNihHhu6G7JVO/9jIB6UyevL+tXuOqrng8j/cxKTWyWUwvSTriiZz/g==}
    engines: {node: '>=8'}
    dependencies:
      emoji-regex: 8.0.0
      is-fullwidth-code-point: 3.0.0
      strip-ansi: 6.0.1
    dev: false

  /strip-ansi/6.0.1:
    resolution: {integrity: sha512-Y38VPSHcqkFrCpFnQ9vuSXmquuv5oXOKpGeT6aGrr3o3Gc9AlVa6JBfUSOCnbxGGZF+/0ooI7KrPuUSztUdU5A==}
    engines: {node: '>=8'}
    dependencies:
      ansi-regex: 5.0.1
    dev: false

  /supports-preserve-symlinks-flag/1.0.0:
    resolution: {integrity: sha512-ot0WnXS9fgdkgIcePe6RHNk1WA8+muPa6cSjeR3V8K27q9BB1rTE3R1p7Hv0z1ZyAc8s6Vvv8DIyWf681MAt0w==}
    engines: {node: '>= 0.4'}
    dev: true

  /to-fast-properties/2.0.0:
    resolution: {integrity: sha512-/OaKK0xYrs3DmxRYqL/yDc+FxFUVYhDlXMhRmv3z915w2HF1tnN1omB354j8VUGO/hbRzyD6Y3sA7v7GS/ceog==}
    engines: {node: '>=4'}

  /tr46/0.0.3:
    resolution: {integrity: sha512-N3WMsuqV66lT30CrXNbEjx4GEwlow3v6rr4mCcv6prnfwhS01rkgyFdjPNBYd9br7LpXV1+Emh01fHnq2Gdgrw==}
    dev: false

  /tslib/2.5.0:
    resolution: {integrity: sha512-336iVw3rtn2BUK7ORdIAHTyxHGRIHVReokCR3XjbckJMK7ms8FysBfhLR8IXnAgy7T0PTPNBWKiH514FOW/WSg==}
    dev: false

  /vite/2.9.6:
    resolution: {integrity: sha512-3IffdrByHW95Yjv0a13TQOQfJs7L5dVlSPuTt432XLbRMriWbThqJN2k/IS6kXn5WY4xBLhK9XoaWay1B8VzUw==}
    engines: {node: '>=12.2.0'}
    hasBin: true
    peerDependencies:
      less: '*'
      sass: '*'
      stylus: '*'
    peerDependenciesMeta:
      less:
        optional: true
      sass:
        optional: true
      stylus:
        optional: true
    dependencies:
      esbuild: 0.14.38
      postcss: 8.4.12
      resolve: 1.22.0
      rollup: 2.70.2
    optionalDependencies:
      fsevents: 2.3.2
    dev: true

  /vue-demi/0.12.5_vue@3.2.33:
    resolution: {integrity: sha512-BREuTgTYlUr0zw0EZn3hnhC3I6gPWv+Kwh4MCih6QcAeaTlaIX0DwOVN0wHej7hSvDPecz4jygy/idsgKfW58Q==}
    engines: {node: '>=12'}
    hasBin: true
    requiresBuild: true
    peerDependencies:
      '@vue/composition-api': ^1.0.0-rc.1
      vue: ^3.0.0-0 || ^2.6.0
    peerDependenciesMeta:
      '@vue/composition-api':
        optional: true
    dependencies:
      vue: 3.2.33
    dev: false

  /vue-router/4.0.14_vue@3.2.33:
    resolution: {integrity: sha512-wAO6zF9zxA3u+7AkMPqw9LjoUCjSxfFvINQj3E/DceTt6uEz1XZLraDhdg2EYmvVwTBSGlLYsUw8bDmx0754Mw==}
    peerDependencies:
      vue: ^3.2.0
    dependencies:
      '@vue/devtools-api': 6.1.4
      vue: 3.2.33
    dev: false

  /vue/3.2.33:
    resolution: {integrity: sha512-si1ExAlDUrLSIg/V7D/GgA4twJwfsfgG+t9w10z38HhL/HA07132pUQ2KuwAo8qbCyMJ9e6OqrmWrOCr+jW7ZQ==}
    dependencies:
      '@vue/compiler-dom': 3.2.33
      '@vue/compiler-sfc': 3.2.33
      '@vue/runtime-dom': 3.2.33
      '@vue/server-renderer': 3.2.33_vue@3.2.33
      '@vue/shared': 3.2.33

  /webidl-conversions/3.0.1:
    resolution: {integrity: sha512-2JAn3z8AR6rjK8Sm8orRC0h/bcl/DqL7tRPdGZ4I1CjdF+EaMLmYxBHyXuKL849eucPFhvBoxMsflfOb8kxaeQ==}
    dev: false

  /websocket-driver/0.7.4:
    resolution: {integrity: sha512-b17KeDIQVjvb0ssuSDF2cYXSg2iztliJ4B9WdsuB6J952qCPKmnVq4DyW5motImXHDC1cBT/1UezrJVsKw5zjg==}
    engines: {node: '>=0.8.0'}
    dependencies:
      http-parser-js: 0.5.8
      safe-buffer: 5.2.1
      websocket-extensions: 0.1.4
    dev: false

  /websocket-extensions/0.1.4:
    resolution: {integrity: sha512-OqedPIGOfsDlo31UNwYbCFMSaO9m9G/0faIHj5/dZFDMFqPTcx6UwqyOy3COEaEOg/9VsGIpdqn62W5KhoKSpg==}
    engines: {node: '>=0.8.0'}
    dev: false

  /whatwg-url/5.0.0:
    resolution: {integrity: sha512-saE57nupxk6v3HY35+jzBwYa0rKSy0XR8JSxZPwgLr7ys0IBzhGviA1/TUGJLmSVqs8pb9AnvICXEuOHLprYTw==}
    dependencies:
      tr46: 0.0.3
      webidl-conversions: 3.0.1
    dev: false

  /wrap-ansi/7.0.0:
    resolution: {integrity: sha512-YVGIj2kamLSTxw6NsZjoBxfSwsn0ycdesmc4p+Q21c5zPuZ1pl+NfxVdxPtdHvmNVOQ6XSYG4AUtyt/Fi7D16Q==}
    engines: {node: '>=10'}
    dependencies:
      ansi-styles: 4.3.0
      string-width: 4.2.3
      strip-ansi: 6.0.1
    dev: false

  /y18n/5.0.8:
    resolution: {integrity: sha512-0pfFzegeDWJHJIAmTLRP2DwHjdF5s7jo9tuztdQxAhINCdvS+3nGINqPd00AphqJR/0LhANUS6/+7SCb98YOfA==}
    engines: {node: '>=10'}
    dev: false

  /yargs-parser/20.2.9:
    resolution: {integrity: sha512-y11nGElTIV+CT3Zv9t7VKl+Q3hTQoT9a1Qzezhhl6Rp21gJ/IVTW7Z3y9EWXhuUBC2Shnf+DX0antecpAwSP8w==}
    engines: {node: '>=10'}
    dev: false

  /yargs/16.2.0:
    resolution: {integrity: sha512-D1mvvtDG0L5ft/jGWkLpG1+m0eQxOfaBvTNELraWj22wSVUMWxZUvYgJYcKh6jGGIkJFhH4IZPQhR4TKpc8mBw==}
    engines: {node: '>=10'}
    dependencies:
      cliui: 7.0.4
      escalade: 3.1.1
      get-caller-file: 2.0.5
      require-directory: 2.1.1
      string-width: 4.2.3
      y18n: 5.0.8
      yargs-parser: 20.2.9
    dev: false
